
Microsoft Visual Studio Solution File, Format Version 12.00
# Visual Studio Version 16
VisualStudioVersion = 16.0.29609.76
MinimumVisualStudioVersion = 10.0.40219.1
Project("{9A19103F-16F7-4668-BE54-9A1E7A4F7556}") = "DrinkStore", "DrinkStore\DrinkStore.csproj", "{734E8C6B-FA6B-4054-BCEE-14D6AE8EF0DF}"
EndProject
Project("{2150E333-8FDC-42A3-9474-1A3956D46DE8}") = "Solution Items", "Solution Items", "{DC9E885B-12C4-41D8-AB24-C6608C03B681}"
	ProjectSection(SolutionItems) = preProject
		.editorconfig = .editorconfig
	EndProjectSection
EndProject
Global
	GlobalSection(SolutionConfigurationPlatforms) = preSolution
		Debug|Any CPU = Debug|Any CPU
		Release|Any CPU = Release|Any CPU
	EndGlobalSection
	GlobalSection(ProjectConfigurationPlatforms) = postSolution
		{734E8C6B-FA6B-4054-BCEE-14D6AE8EF0DF}.Debug|Any CPU.ActiveCfg = Debug|Any CPU
		{734E8C6B-FA6B-4054-BCEE-14D6AE8EF0DF}.Debug|Any CPU.Build.0 = Debug|Any CPU
		{734E8C6B-FA6B-4054-BCEE-14D6AE8EF0DF}.Release|Any CPU.ActiveCfg = Release|Any CPU
		{734E8C6B-FA6B-4054-BCEE-14D6AE8EF0DF}.Release|Any CPU.Build.0 = Release|Any CPU
	EndGlobalSection
	GlobalSection(SolutionProperties) = preSolution
		HideSolutionNode = FALSE
	EndGlobalSection
	GlobalSection(ExtensibilityGlobals) = postSolution
		SolutionGuid = {EB18C491-DAD9-4592-B7D6-C51508ED41D9}
	EndGlobalSection
EndGlobal
